Microsoft Visual Studio Solution File, Format Version 11.00
# Visual Studio 2008

Project("{95830045-F986-48C8-F140-6AD51EC4940A}") = "tiny-tales-ggj14", "Assembly-CSharp-firstpass-vs.csproj", "{68FFE9DB-3683-1841-2B05-C0F0CD58B874}"
EndProject
Project("{95830045-F986-48C8-F140-6AD51EC4940A}") = "tiny-tales-ggj14", "Assembly-CSharp-vs.csproj", "{E819C96E-DFFD-4436-AAD1-E95FFCB1B796}"
EndProject
Project("{95830045-F986-48C8-F140-6AD51EC4940A}") = "tiny-tales-ggj14", "Assembly-CSharp-Editor-vs.csproj", "{2D34C796-1E8A-C681-D4BF-6EF7FDB600D8}"
EndProject
Global
	GlobalSection(SolutionConfigurationPlatforms) = preSolution
		Debug|Any CPU = Debug|Any CPU
		Release|Any CPU = Release|Any CPU
	EndGlobalSection
	GlobalSection(ProjectConfigurationPlatforms) = postSolution
		{68FFE9DB-3683-1841-2B05-C0F0CD58B874}.Debug|Any CPU.ActiveCfg = Debug|Any CPU
		{68FFE9DB-3683-1841-2B05-C0F0CD58B874}.Debug|Any CPU.Build.0 = Debug|Any CPU
		{68FFE9DB-3683-1841-2B05-C0F0CD58B874}.Release|Any CPU.ActiveCfg = Release|Any CPU
		{68FFE9DB-3683-1841-2B05-C0F0CD58B874}.Release|Any CPU.Build.0 = Release|Any CPU
		{E819C96E-DFFD-4436-AAD1-E95FFCB1B796}.Debug|Any CPU.ActiveCfg = Debug|Any CPU
		{E819C96E-DFFD-4436-AAD1-E95FFCB1B796}.Debug|Any CPU.Build.0 = Debug|Any CPU
		{E819C96E-DFFD-4436-AAD1-E95FFCB1B796}.Release|Any CPU.ActiveCfg = Release|Any CPU
		{E819C96E-DFFD-4436-AAD1-E95FFCB1B796}.Release|Any CPU.Build.0 = Release|Any CPU
		{2D34C796-1E8A-C681-D4BF-6EF7FDB600D8}.Debug|Any CPU.ActiveCfg = Debug|Any CPU
		{2D34C796-1E8A-C681-D4BF-6EF7FDB600D8}.Debug|Any CPU.Build.0 = Debug|Any CPU
		{2D34C796-1E8A-C681-D4BF-6EF7FDB600D8}.Release|Any CPU.ActiveCfg = Release|Any CPU
		{2D34C796-1E8A-C681-D4BF-6EF7FDB600D8}.Release|Any CPU.Build.0 = Release|Any CPU
	EndGlobalSection
	GlobalSection(SolutionProperties) = preSolution
		HideSolutionNode = FALSE
	EndGlobalSection
												GlobalSection(MonoDevelopProperties) = preSolution
		StartupItem = Assembly-CSharp.csproj
		Policies = $0
		$0.TextStylePolicy = $1
		$1.inheritsSet = null
		$1.scope = text/x-csharp
		$0.CSharpFormattingPolicy = $2
		$2.inheritsSet = Mono
		$2.inheritsScope = text/x-csharp
		$2.scope = text/x-csharp
		$0.TextStylePolicy = $3
		$3.FileWidth = 120
		$3.TabWidth = 4
		$3.EolMarker = Unix
		$3.inheritsSet = Mono
		$3.inheritsScope = text/plain
		$3.scope = text/plain
	EndGlobalSection

EndGlobal
